Microsoft Visual Studio Solution File, Format Version 12.00
# Visual Studio Version 17
VisualStudioVersion = 17.5.2.0
MinimumVisualStudioVersion = 10.0.40219.1
Project("{FAE04EC0-301F-11D3-BF4B-00C04F79EFBC}") = "UserAuth", "UserAuth\UserAuth.csproj", "{5A4C6F1C-EECE-9381-ED48-3F5F8D985D52}"
EndProject
Global
	GlobalSection(SolutionConfigurationPlatforms) = preSolution
		Debug|Any CPU = Debug|Any CPU
		Release|Any CPU = Release|Any CPU
	EndGlobalSection
	GlobalSection(ProjectConfigurationPlatforms) = postSolution
		{5A4C6F1C-EECE-9381-ED48-3F5F8D985D52}.Debug|Any CPU.ActiveCfg = Debug|Any CPU
		{5A4C6F1C-EECE-9381-ED48-3F5F8D985D52}.Debug|Any CPU.Build.0 = Debug|Any CPU
		{5A4C6F1C-EECE-9381-ED48-3F5F8D985D52}.Release|Any CPU.ActiveCfg = Release|Any CPU
		{5A4C6F1C-EECE-9381-ED48-3F5F8D985D52}.Release|Any CPU.Build.0 = Release|Any CPU
	EndGlobalSection
	GlobalSection(SolutionProperties) = preSolution
		HideSolutionNode = FALSE
	EndGlobalSection
	GlobalSection(ExtensibilityGlobals) = postSolution
		SolutionGuid = {3D37C5A4-0267-448D-8D6B-E49B7F7FF940}
	EndGlobalSection
EndGlobal
